
Microsoft Visual Studio Solution File, Format Version 12.00
# Visual Studio Version 17
VisualStudioVersion = 17.7.34221.43
MinimumVisualStudioVersion = 10.0.40219.1
Project("{FAE04EC0-301F-11D3-BF4B-00C04F79EFBC}") = "ChessGame-LLD", "ChessGame-LLD\ChessGame-LLD.csproj", "{72E9A5C2-F55B-41FB-A4E2-E90F2CF29FC9}"
EndProject
Global
	GlobalSection(SolutionConfigurationPlatforms) = preSolution
		Debug|Any CPU = Debug|Any CPU
		Release|Any CPU = Release|Any CPU
	EndGlobalSection
	GlobalSection(ProjectConfigurationPlatforms) = postSolution
		{72E9A5C2-F55B-41FB-A4E2-E90F2CF29FC9}.Debug|Any CPU.ActiveCfg = Debug|Any CPU
		{72E9A5C2-F55B-41FB-A4E2-E90F2CF29FC9}.Debug|Any CPU.Build.0 = Debug|Any CPU
		{72E9A5C2-F55B-41FB-A4E2-E90F2CF29FC9}.Release|Any CPU.ActiveCfg = Release|Any CPU
		{72E9A5C2-F55B-41FB-A4E2-E90F2CF29FC9}.Release|Any CPU.Build.0 = Release|Any CPU
	EndGlobalSection
	GlobalSection(SolutionProperties) = preSolution
		HideSolutionNode = FALSE
	EndGlobalSection
	GlobalSection(ExtensibilityGlobals) = postSolution
		SolutionGuid = {D4D9E453-E545-4553-AC3B-6E78A4CC18E5}
	EndGlobalSection
EndGlobal
